{
  "name": "FlashVSR-app",
  "lockfileVersion": 3,
  "requires": true,
  "packages": {
    "": {
      "dependencies": {
        "@openai/codex": "^0.58.0-alpha.9"
      }
    },
    "node_modules/@openai/codex": {
      "version": "0.58.0-alpha.9",
      "resolved": "https://registry.npmjs.org/@openai/codex/-/codex-0.58.0-alpha.9.tgz",
      "integrity": "sha512-1w2q+rvHsBUu6oQf2/5PQAkO6YSxJ4ikVqdGbs4xxkCYWwwnjvPuacSGUyywyX96gaispNNINRgIrEJhVHpRCA==",
      "license": "Apache-2.0",
      "bin": {
        "codex": "bin/codex.js"
      },
      "engines": {
        "node": ">=16"
      }
    }
  }
}
